
Microsoft Visual Studio Solution File, Format Version 12.00
# Visual Studio Version 16
VisualStudioVersion = 16.0.32802.440
MinimumVisualStudioVersion = 10.0.40219.1
Project("{9A19103F-16F7-4668-BE54-9A1E7A4F7556}") = "clase02", "clase02\clase02.csproj", "{5DE1CBAD-5F80-4494-8871-260E00797D16}"
EndProject
Project("{9A19103F-16F7-4668-BE54-9A1E7A4F7556}") = "Unidad_2_Ejercicio_01", "Unidad_2_Ejercicio_01\Unidad_2_Ejercicio_01.csproj", "{30D50DBE-B76F-488D-9969-77E914A50E02}"
EndProject
Project("{9A19103F-16F7-4668-BE54-9A1E7A4F7556}") = "Unidad_2_Ej extra", "Unidad_2_Ej extra\Unidad_2_Ej extra.csproj", "{BE139B72-FD14-4AB1-A37A-5D21AEF0FC48}"
EndProject
Project("{9A19103F-16F7-4668-BE54-9A1E7A4F7556}") = "Unidad_1_Ejercicio_04", "Unidad_1_Ejercicio_04\Unidad_1_Ejercicio_04.csproj", "{11C69C2E-F3E1-4401-BFED-A3E7924473DA}"
EndProject
Project("{9A19103F-16F7-4668-BE54-9A1E7A4F7556}") = "Unidad_1_Ejercicio_05", "Unidad_1_Ejercicio_05\Unidad_1_Ejercicio_05.csproj", "{C53AE3FC-EC4E-436C-BF78-B577F78A31B0}"
EndProject
Project("{9A19103F-16F7-4668-BE54-9A1E7A4F7556}") = "Unidad_1_Ejercicio_07", "Unidad_1_Ejercicio_07\Unidad_1_Ejercicio_07.csproj", "{B620C652-E9BE-48C1-B9A9-A9E8110C01BA}"
EndProject
Project("{9A19103F-16F7-4668-BE54-9A1E7A4F7556}") = "Unidad_1_Ejercicio_08", "Unidad_1_Ejercicio_08\Unidad_1_Ejercicio_08.csproj", "{452FF0A0-2C7D-4F2A-915C-99304AD1C3D6}"
EndProject
Project("{9A19103F-16F7-4668-BE54-9A1E7A4F7556}") = "Unidad_1_Ejercicio_09", "Unidad_1_Ejercicio_09\Unidad_1_Ejercicio_09.csproj", "{FF573ECD-76F1-462D-96EF-A7B092EB7EE3}"
EndProject
Project("{9A19103F-16F7-4668-BE54-9A1E7A4F7556}") = "Unidad_2_Ejercicio_02", "Unidad_2_Ejercicio_02\Unidad_2_Ejercicio_02.csproj", "{7445E63F-0AA1-4F43-BA4D-2B4659E2EB0B}"
EndProject
Project("{9A19103F-16F7-4668-BE54-9A1E7A4F7556}") = "Unidad_2_Ejercicio_03", "Unidad_2_Ejercicio_03\Unidad_2_Ejercicio_03.csproj", "{FC7F387E-6745-4E8F-BC13-DFFD99301CFB}"
EndProject
Project("{9A19103F-16F7-4668-BE54-9A1E7A4F7556}") = "Unidad_2_Ejercicio_04", "Unidad_2_Ejercicio_04\Unidad_2_Ejercicio_04.csproj", "{E211B2A7-B77C-40BB-8317-942538781BE4}"
EndProject
Project("{9A19103F-16F7-4668-BE54-9A1E7A4F7556}") = "Unidad_2_Ejercicio_06", "Unidad_2_Ejercicio_06\Unidad_2_Ejercicio_06.csproj", "{DE6946A1-0CBE-43E6-983D-72C29CA43F1A}"
EndProject
Project("{9A19103F-16F7-4668-BE54-9A1E7A4F7556}") = "Unidad_2_Ejercicio_07", "Unidad_2_Ejercicio_07\Unidad_2_Ejercicio_07.csproj", "{E8C5BCAC-96A8-4FDF-B4BE-9CFDF716D6E2}"
EndProject
Project("{9A19103F-16F7-4668-BE54-9A1E7A4F7556}") = "Unidad_1_Ejercicio_01", "Unidad_1_Ejercicio_01\Unidad_1_Ejercicio_01.csproj", "{BF1B941B-973E-427E-8F9F-28DDC53E51DD}"
EndProject
Project("{9A19103F-16F7-4668-BE54-9A1E7A4F7556}") = "Unidad_1_Ejercicio_02", "Unidad_1_Ejercicio_02\Unidad_1_Ejercicio_02.csproj", "{D49BEAEA-EC5C-4BA8-8EA9-8593D99D3968}"
EndProject
Project("{9A19103F-16F7-4668-BE54-9A1E7A4F7556}") = "Unidad_1_Ejercicio_03", "Unidad_1_Ejercicio_03\Unidad_1_Ejercicio_03.csproj", "{36E98F31-6115-42B9-B16E-C5BBFB124FD2}"
EndProject
Project("{9A19103F-16F7-4668-BE54-9A1E7A4F7556}") = "Unidad_1_Ejercicio_06", "Unidad_1_Ejercicio_06\Unidad_1_Ejercicio_06.csproj", "{6270A2B7-E2DC-467B-AB32-551EE0C2298C}"
EndProject
Global
	GlobalSection(SolutionConfigurationPlatforms) = preSolution
		Debug|Any CPU = Debug|Any CPU
		Release|Any CPU = Release|Any CPU
	EndGlobalSection
	GlobalSection(ProjectConfigurationPlatforms) = postSolution
		{5DE1CBAD-5F80-4494-8871-260E00797D16}.Debug|Any CPU.ActiveCfg = Debug|Any CPU
		{5DE1CBAD-5F80-4494-8871-260E00797D16}.Debug|Any CPU.Build.0 = Debug|Any CPU
		{5DE1CBAD-5F80-4494-8871-260E00797D16}.Release|Any CPU.ActiveCfg = Release|Any CPU
		{5DE1CBAD-5F80-4494-8871-260E00797D16}.Release|Any CPU.Build.0 = Release|Any CPU
		{30D50DBE-B76F-488D-9969-77E914A50E02}.Debug|Any CPU.ActiveCfg = Debug|Any CPU
		{30D50DBE-B76F-488D-9969-77E914A50E02}.Debug|Any CPU.Build.0 = Debug|Any CPU
		{30D50DBE-B76F-488D-9969-77E914A50E02}.Release|Any CPU.ActiveCfg = Release|Any CPU
		{30D50DBE-B76F-488D-9969-77E914A50E02}.Release|Any CPU.Build.0 = Release|Any CPU
		{BE139B72-FD14-4AB1-A37A-5D21AEF0FC48}.Debug|Any CPU.ActiveCfg = Debug|Any CPU
		{BE139B72-FD14-4AB1-A37A-5D21AEF0FC48}.Debug|Any CPU.Build.0 = Debug|Any CPU
		{BE139B72-FD14-4AB1-A37A-5D21AEF0FC48}.Release|Any CPU.ActiveCfg = Release|Any CPU
		{BE139B72-FD14-4AB1-A37A-5D21AEF0FC48}.Release|Any CPU.Build.0 = Release|Any CPU
		{11C69C2E-F3E1-4401-BFED-A3E7924473DA}.Debug|Any CPU.ActiveCfg = Debug|Any CPU
		{11C69C2E-F3E1-4401-BFED-A3E7924473DA}.Debug|Any CPU.Build.0 = Debug|Any CPU
		{11C69C2E-F3E1-4401-BFED-A3E7924473DA}.Release|Any CPU.ActiveCfg = Release|Any CPU
		{11C69C2E-F3E1-4401-BFED-A3E7924473DA}.Release|Any CPU.Build.0 = Release|Any CPU
		{C53AE3FC-EC4E-436C-BF78-B577F78A31B0}.Debug|Any CPU.ActiveCfg = Debug|Any CPU
		{C53AE3FC-EC4E-436C-BF78-B577F78A31B0}.Debug|Any CPU.Build.0 = Debug|Any CPU
		{C53AE3FC-EC4E-436C-BF78-B577F78A31B0}.Release|Any CPU.ActiveCfg = Release|Any CPU
		{C53AE3FC-EC4E-436C-BF78-B577F78A31B0}.Release|Any CPU.Build.0 = Release|Any CPU
		{B620C652-E9BE-48C1-B9A9-A9E8110C01BA}.Debug|Any CPU.ActiveCfg = Debug|Any CPU
		{B620C652-E9BE-48C1-B9A9-A9E8110C01BA}.Debug|Any CPU.Build.0 = Debug|Any CPU
		{B620C652-E9BE-48C1-B9A9-A9E8110C01BA}.Release|Any CPU.ActiveCfg = Release|Any CPU
		{B620C652-E9BE-48C1-B9A9-A9E8110C01BA}.Release|Any CPU.Build.0 = Release|Any CPU
		{452FF0A0-2C7D-4F2A-915C-99304AD1C3D6}.Debug|Any CPU.ActiveCfg = Debug|Any CPU
		{452FF0A0-2C7D-4F2A-915C-99304AD1C3D6}.Debug|Any CPU.Build.0 = Debug|Any CPU
		{452FF0A0-2C7D-4F2A-915C-99304AD1C3D6}.Release|Any CPU.ActiveCfg = Release|Any CPU
		{452FF0A0-2C7D-4F2A-915C-99304AD1C3D6}.Release|Any CPU.Build.0 = Release|Any CPU
		{FF573ECD-76F1-462D-96EF-A7B092EB7EE3}.Debug|Any CPU.ActiveCfg = Debug|Any CPU
		{FF573ECD-76F1-462D-96EF-A7B092EB7EE3}.Debug|Any CPU.Build.0 = Debug|Any CPU
		{FF573ECD-76F1-462D-96EF-A7B092EB7EE3}.Release|Any CPU.ActiveCfg = Release|Any CPU
		{FF573ECD-76F1-462D-96EF-A7B092EB7EE3}.Release|Any CPU.Build.0 = Release|Any CPU
		{7445E63F-0AA1-4F43-BA4D-2B4659E2EB0B}.Debug|Any CPU.ActiveCfg = Debug|Any CPU
		{7445E63F-0AA1-4F43-BA4D-2B4659E2EB0B}.Debug|Any CPU.Build.0 = Debug|Any CPU
		{7445E63F-0AA1-4F43-BA4D-2B4659E2EB0B}.Release|Any CPU.ActiveCfg = Release|Any CPU
		{7445E63F-0AA1-4F43-BA4D-2B4659E2EB0B}.Release|Any CPU.Build.0 = Release|Any CPU
		{FC7F387E-6745-4E8F-BC13-DFFD99301CFB}.Debug|Any CPU.ActiveCfg = Debug|Any CPU
		{FC7F387E-6745-4E8F-BC13-DFFD99301CFB}.Debug|Any CPU.Build.0 = Debug|Any CPU
		{FC7F387E-6745-4E8F-BC13-DFFD99301CFB}.Release|Any CPU.ActiveCfg = Release|Any CPU
		{FC7F387E-6745-4E8F-BC13-DFFD99301CFB}.Release|Any CPU.Build.0 = Release|Any CPU
		{E211B2A7-B77C-40BB-8317-942538781BE4}.Debug|Any CPU.ActiveCfg = Debug|Any CPU
		{E211B2A7-B77C-40BB-8317-942538781BE4}.Debug|Any CPU.Build.0 = Debug|Any CPU
		{E211B2A7-B77C-40BB-8317-942538781BE4}.Release|Any CPU.ActiveCfg = Release|Any CPU
		{E211B2A7-B77C-40BB-8317-942538781BE4}.Release|Any CPU.Build.0 = Release|Any CPU
		{DE6946A1-0CBE-43E6-983D-72C29CA43F1A}.Debug|Any CPU.ActiveCfg = Debug|Any CPU
		{DE6946A1-0CBE-43E6-983D-72C29CA43F1A}.Debug|Any CPU.Build.0 = Debug|Any CPU
		{DE6946A1-0CBE-43E6-983D-72C29CA43F1A}.Release|Any CPU.ActiveCfg = Release|Any CPU
		{DE6946A1-0CBE-43E6-983D-72C29CA43F1A}.Release|Any CPU.Build.0 = Release|Any CPU
		{E8C5BCAC-96A8-4FDF-B4BE-9CFDF716D6E2}.Debug|Any CPU.ActiveCfg = Debug|Any CPU
		{E8C5BCAC-96A8-4FDF-B4BE-9CFDF716D6E2}.Debug|Any CPU.Build.0 = Debug|Any CPU
		{E8C5BCAC-96A8-4FDF-B4BE-9CFDF716D6E2}.Release|Any CPU.ActiveCfg = Release|Any CPU
		{E8C5BCAC-96A8-4FDF-B4BE-9CFDF716D6E2}.Release|Any CPU.Build.0 = Release|Any CPU
		{BF1B941B-973E-427E-8F9F-28DDC53E51DD}.Debug|Any CPU.ActiveCfg = Debug|Any CPU
		{BF1B941B-973E-427E-8F9F-28DDC53E51DD}.Debug|Any CPU.Build.0 = Debug|Any CPU
		{BF1B941B-973E-427E-8F9F-28DDC53E51DD}.Release|Any CPU.ActiveCfg = Release|Any CPU
		{BF1B941B-973E-427E-8F9F-28DDC53E51DD}.Release|Any CPU.Build.0 = Release|Any CPU
		{D49BEAEA-EC5C-4BA8-8EA9-8593D99D3968}.Debug|Any CPU.ActiveCfg = Debug|Any CPU
		{D49BEAEA-EC5C-4BA8-8EA9-8593D99D3968}.Debug|Any CPU.Build.0 = Debug|Any CPU
		{D49BEAEA-EC5C-4BA8-8EA9-8593D99D3968}.Release|Any CPU.ActiveCfg = Release|Any CPU
		{D49BEAEA-EC5C-4BA8-8EA9-8593D99D3968}.Release|Any CPU.Build.0 = Release|Any CPU
		{36E98F31-6115-42B9-B16E-C5BBFB124FD2}.Debug|Any CPU.ActiveCfg = Debug|Any CPU
		{36E98F31-6115-42B9-B16E-C5BBFB124FD2}.Debug|Any CPU.Build.0 = Debug|Any CPU
		{36E98F31-6115-42B9-B16E-C5BBFB124FD2}.Release|Any CPU.ActiveCfg = Release|Any CPU
		{36E98F31-6115-42B9-B16E-C5BBFB124FD2}.Release|Any CPU.Build.0 = Release|Any CPU
		{6270A2B7-E2DC-467B-AB32-551EE0C2298C}.Debug|Any CPU.ActiveCfg = Debug|Any CPU
		{6270A2B7-E2DC-467B-AB32-551EE0C2298C}.Debug|Any CPU.Build.0 = Debug|Any CPU
		{6270A2B7-E2DC-467B-AB32-551EE0C2298C}.Release|Any CPU.ActiveCfg = Release|Any CPU
		{6270A2B7-E2DC-467B-AB32-551EE0C2298C}.Release|Any CPU.Build.0 = Release|Any CPU
	EndGlobalSection
	GlobalSection(SolutionProperties) = preSolution
		HideSolutionNode = FALSE
	EndGlobalSection
	GlobalSection(ExtensibilityGlobals) = postSolution
		SolutionGuid = {22992F05-F248-44D1-811F-F8EF2B92499C}
	EndGlobalSection
EndGlobal
