
Microsoft Visual Studio Solution File, Format Version 12.00
# Visual Studio Version 16
VisualStudioVersion = 16.0.32802.440
MinimumVisualStudioVersion = 10.0.40219.1
Project("{9A19103F-16F7-4668-BE54-9A1E7A4F7556}") = "clase02", "clase02\clase02.csproj", "{5DE1CBAD-5F80-4494-8871-260E00797D16}"
EndProject
Project("{9A19103F-16F7-4668-BE54-9A1E7A4F7556}") = "Unidad_2_Ejercicio_01", "Unidad_2_Ejercicio_01\Unidad_2_Ejercicio_01.csproj", "{30D50DBE-B76F-488D-9969-77E914A50E02}"
EndProject
Project("{9A19103F-16F7-4668-BE54-9A1E7A4F7556}") = "Unidad_2_Ej extra", "Unidad_2_Ej extra\Unidad_2_Ej extra.csproj", "{BE139B72-FD14-4AB1-A37A-5D21AEF0FC48}"
EndProject
Project("{9A19103F-16F7-4668-BE54-9A1E7A4F7556}") = "Unidad_1_Ejercicio_04", "Unidad_1_Ejercicio_04\Unidad_1_Ejercicio_04.csproj", "{11C69C2E-F3E1-4401-BFED-A3E7924473DA}"
EndProject
Project("{9A19103F-16F7-4668-BE54-9A1E7A4F7556}") = "Unidad_1_Ejercicio_05", "Unidad_1_Ejercicio_05\Unidad_1_Ejercicio_05.csproj", "{C53AE3FC-EC4E-436C-BF78-B577F78A31B0}"
EndProject
Project("{9A19103F-16F7-4668-BE54-9A1E7A4F7556}") = "Unidad_1_Ejercicio_07", "Unidad_1_Ejercicio_07\Unidad_1_Ejercicio_07.csproj", "{B620C652-E9BE-48C1-B9A9-A9E8110C01BA}"
EndProject
Project("{9A19103F-16F7-4668-BE54-9A1E7A4F7556}") = "Unidad_1_Ejercicio_08", "Unidad_1_Ejercicio_08\Unidad_1_Ejercicio_08.csproj", "{452FF0A0-2C7D-4F2A-915C-99304AD1C3D6}"
EndProject
Project("{9A19103F-16F7-4668-BE54-9A1E7A4F7556}") = "Unidad_1_Ejercicio_09", "Unidad_1_Ejercicio_09\Unidad_1_Ejercicio_09.csproj", "{FF573ECD-76F1-462D-96EF-A7B092EB7EE3}"
EndProject
Project("{9A19103F-16F7-4668-BE54-9A1E7A4F7556}") = "Unidad_2_Ejercicio_02", "Unidad_2_Ejercicio_02\Unidad_2_Ejercicio_02.csproj", "{7445E63F-0AA1-4F43-BA4D-2B4659E2EB0B}"
EndProject
Project("{9A19103F-16F7-4668-BE54-9A1E7A4F7556}") = "Unidad_2_Ejercicio_03", "Unidad_2_Ejercicio_03\Unidad_2_Ejercicio_03.csproj", "{FC7F387E-6745-4E8F-BC13-DFFD99301CFB}"
EndProject
Project("{9A19103F-16F7-4668-BE54-9A1E7A4F7556}") = "Unidad_2_Ejercicio_04", "Unidad_2_Ejercicio_04\Unidad_2_Ejercicio_04.csproj", "{E211B2A7-B77C-40BB-8317-942538781BE4}"
EndProject
Project("{9A19103F-16F7-4668-BE54-9A1E7A4F7556}") = "Unidad_2_Ejercicio_06", "Unidad_2_Ejercicio_06\Unidad_2_Ejercicio_06.csproj", "{DE6946A1-0CBE-43E6-983D-72C29CA43F1A}"
EndProject
Project("{9A19103F-16F7-4668-BE54-9A1E7A4F7556}") = "Unidad_2_Ejercicio_07", "Unidad_2_Ejercicio_07\Unidad_2_Ejercicio_07.csproj", "{E8C5BCAC-96A8-4FDF-B4BE-9CFDF716D6E2}"
EndProject
Project("{9A19103F-16F7-4668-BE54-9A1E7A4F7556}") = "Unidad_1_Ejercicio_01", "Unidad_1_Ejercicio_01\Unidad_1_Ejercicio_01.csproj", "{BF1B941B-973E-427E-8F9F-28DDC53E51DD}"
EndProject
Project("{9A19103F-16F7-4668-BE54-9A1E7A4F7556}") = "Unidad_1_Ejercicio_02", "Unidad_1_Ejercicio_02\Unidad_1_Ejercicio_02.csproj", "{D49BEAEA-EC5C-4BA8-8EA9-8593D99D3968}"
EndProject
Project("{9A19103F-16F7-4668-BE54-9A1E7A4F7556}") = "Unidad_1_Ejercicio_03", "Unidad_1_Ejercicio_03\Unidad_1_Ejercicio_03.csproj", "{36E98F31-6115-42B9-B16E-C5BBFB124FD2}"
EndProject
Project("{9A19103F-16F7-4668-BE54-9A1E7A4F7556}") = "Unidad_1_Ejercicio_06", "Unidad_1_Ejercicio_06\Unidad_1_Ejercicio_06.csproj", "{6270A2B7-E2DC-467B-AB32-551EE0C2298C}"
EndProject
Project("{9A19103F-16F7-4668-BE54-9A1E7A4F7556}") = "Unidad_2_Ejercicio_08", "Unidad_2_Ejercicio_08\Unidad_2_Ejercicio_08.csproj", "{D8C733DC-2E9A-4CE0-9E97-2197CDD11850}"
EndProject
Project("{9A19103F-16F7-4668-BE54-9A1E7A4F7556}") = "Unidad_2_Ejercicio_A01", "Unidad_2_Ejercicio_A01\Unidad_2_Ejercicio_A01.csproj", "{EC24A9D9-50A9-4BB7-A02E-023DE33D7A31}"
EndProject
Project("{9A19103F-16F7-4668-BE54-9A1E7A4F7556}") = "clase03", "clase03\clase03.csproj", "{1E46A5FA-4191-47B8-8A27-FAFD16749C28}"
EndProject
Project("{9A19103F-16F7-4668-BE54-9A1E7A4F7556}") = "MiBiblioteca", "MiBiblioteca\MiBiblioteca.csproj", "{161BD720-3F4C-43D0-972B-13000DD7C79F}"
EndProject
Project("{2150E333-8FDC-42A3-9474-1A3956D46DE8}") = "Unidad 1 Ejercicios", "Unidad 1 Ejercicios", "{3C0F3F1F-A831-4E53-A56B-2051530A2D24}"
EndProject
Project("{2150E333-8FDC-42A3-9474-1A3956D46DE8}") = "Unidad 2 Ejercicios", "Unidad 2 Ejercicios", "{715CAC52-C5D8-43B3-8352-81F101174EF5}"
EndProject
Project("{2150E333-8FDC-42A3-9474-1A3956D46DE8}") = "Unidad 3 Ejercicios", "Unidad 3 Ejercicios", "{015CC560-CBC4-42CB-BE76-A1329A2BF31A}"
EndProject
Project("{9A19103F-16F7-4668-BE54-9A1E7A4F7556}") = "Unidad_3_Ejercicio_03", "Unidad_3_Ejercicio_03\Unidad_3_Ejercicio_03.csproj", "{E023469A-879E-4D91-B38A-13DFD04A6294}"
EndProject
Project("{9A19103F-16F7-4668-BE54-9A1E7A4F7556}") = "BibliotecaEstudiante", "BibliotecaEstudiante\BibliotecaEstudiante.csproj", "{7497B835-8DF1-4D4D-BB56-B43C7677846E}"
EndProject
Project("{9A19103F-16F7-4668-BE54-9A1E7A4F7556}") = "Unidad_2_Ejercicio_05", "Unidad_2_Ejercicio_05\Unidad_2_Ejercicio_05.csproj", "{4AB69640-8B3D-4522-AD5A-C09E6D45D3E5}"
EndProject
Project("{9A19103F-16F7-4668-BE54-9A1E7A4F7556}") = "clase04", "clase04\clase04.csproj", "{69522A1E-E2C4-488A-B1D9-5865B34F1185}"
EndProject
Project("{2150E333-8FDC-42A3-9474-1A3956D46DE8}") = "Unidad 4 Ejercicios", "Unidad 4 Ejercicios", "{D3BE6587-62D4-478C-8F5A-DB47156EE9AE}"
EndProject
Project("{9A19103F-16F7-4668-BE54-9A1E7A4F7556}") = "Unidad_4_Ejercicio en clase", "Unidad_4_Ejercicio en clase\Unidad_4_Ejercicio en clase.csproj", "{09CCD7EA-6EB9-4AE1-AB45-A2504CD98700}"
EndProject
Project("{9A19103F-16F7-4668-BE54-9A1E7A4F7556}") = "Unidad_3_Ejercicio_01", "Unidad_3_Ejercicio_01\Unidad_3_Ejercicio_01.csproj", "{2B6A3F1B-9C93-4F6D-89D2-A82601981DDD}"
EndProject
Project("{9A19103F-16F7-4668-BE54-9A1E7A4F7556}") = "BibliotecaEj01", "BibliotecaEj01\BibliotecaEj01.csproj", "{43E3717D-93E1-4BC1-B09C-E27CF5B4E94D}"
EndProject
Project("{9A19103F-16F7-4668-BE54-9A1E7A4F7556}") = "Unidad_3_Ejercicio_02", "Unidad_3_Ejercicio_02\Unidad_3_Ejercicio_02.csproj", "{2FE8BD44-F658-4921-80BF-A84E7D6E3C18}"
EndProject
Project("{9A19103F-16F7-4668-BE54-9A1E7A4F7556}") = "BibliotecaEj02", "BibliotecaEj02\BibliotecaEj02.csproj", "{5A206BAD-CAB3-41A2-88A1-374743B8A8AC}"
EndProject
Project("{9A19103F-16F7-4668-BE54-9A1E7A4F7556}") = "Unidad_3_Ejercicio_04", "Unidad_3_Ejercicio_04\Unidad_3_Ejercicio_04.csproj", "{6587C661-38E6-42E9-AEBF-5CE7C13F44B4}"
EndProject
Project("{9A19103F-16F7-4668-BE54-9A1E7A4F7556}") = "BibliotecaEj04", "BibliotecaEj04\BibliotecaEj04.csproj", "{7140DF70-49CF-4525-8A6F-AC14E19E67D6}"
EndProject
Project("{9A19103F-16F7-4668-BE54-9A1E7A4F7556}") = "Unidad_3_Ejercicio_05", "Unidad_3_Ejercicio_05\Unidad_3_Ejercicio_05.csproj", "{E50B4D87-487B-424E-A7F5-0E82716CC7B4}"
EndProject
Project("{9A19103F-16F7-4668-BE54-9A1E7A4F7556}") = "BibliotecaEj05", "BibliotecaEj05\BibliotecaEj05.csproj", "{A4F81D8A-3A2B-4864-B659-D676BAC74EFC}"
EndProject
Project("{9A19103F-16F7-4668-BE54-9A1E7A4F7556}") = "Clase05", "Clase05\Clase05.csproj", "{45DCF4EB-8611-4BE5-8286-0E62C878D9AF}"
EndProject
Project("{9A19103F-16F7-4668-BE54-9A1E7A4F7556}") = "Unidad_4_Ejercicio en clase2", "Unidad_4_Ejercicio en clase2\Unidad_4_Ejercicio en clase2.csproj", "{919D2749-BC92-4A9C-B67A-8B93851C6FF9}"
EndProject
Project("{9A19103F-16F7-4668-BE54-9A1E7A4F7556}") = "Biblioteca ejercicio en clase 2", "Biblioteca ejercicio en clase 2\Biblioteca ejercicio en clase 2.csproj", "{F638C8DD-E794-42B8-90AC-BBDF0316E8D1}"
EndProject
Project("{2150E333-8FDC-42A3-9474-1A3956D46DE8}") = "Clases", "Clases", "{9F20F6AB-67C1-4D42-85B3-BD3EA42CC3EE}"
EndProject
Project("{2150E333-8FDC-42A3-9474-1A3956D46DE8}") = "Unidad 5 Ejercicios", "Unidad 5 Ejercicios", "{08BFB956-6AEE-47EB-82B9-73BAAC9B2580}"
EndProject
Project("{9A19103F-16F7-4668-BE54-9A1E7A4F7556}") = "Unidad_5_Ejercicio en clase 2", "Unidad_5_Ejercicio en clase 2\Unidad_5_Ejercicio en clase 2.csproj", "{6FFDB53E-FAE0-4B08-B835-C911912A14CA}"
EndProject
Project("{9A19103F-16F7-4668-BE54-9A1E7A4F7556}") = "Unidad_4_Ejercicio_01", "Unidad_4_Ejercicio_01\Unidad_4_Ejercicio_01.csproj", "{5B3DAAE5-C998-4D10-A50E-7EC79FE423FD}"
EndProject
Project("{9A19103F-16F7-4668-BE54-9A1E7A4F7556}") = "Biblioteca_Unidad4_Ej01", "Biblioteca_Unidad4_Ej01\Biblioteca_Unidad4_Ej01.csproj", "{DDF7A9A8-0C4F-4D7C-B519-D0F9C22BF339}"
EndProject
Project("{9A19103F-16F7-4668-BE54-9A1E7A4F7556}") = "Unidad_4_Ejercicio_02", "Unidad_4_Ejercicio_02\Unidad_4_Ejercicio_02.csproj", "{E4F15DC9-7F05-4CC8-BF44-16751FB14FEB}"
EndProject
Project("{9A19103F-16F7-4668-BE54-9A1E7A4F7556}") = "Billetes", "ClassLibrary1\Billetes.csproj", "{393017C2-19FE-406E-BA28-F29E19D039F3}"
EndProject
Project("{9A19103F-16F7-4668-BE54-9A1E7A4F7556}") = "Unidad_4_Ejercicio_C01", "Unidad_4_Ejercicio_C01\Unidad_4_Ejercicio_C01.csproj", "{2EE1A601-7BC7-4549-B06E-A4D85860AE8E}"
EndProject
Project("{9A19103F-16F7-4668-BE54-9A1E7A4F7556}") = "Bibilioteca _Unidad4_Ej_C01", "Conversor\Bibilioteca _Unidad4_Ej_C01.csproj", "{7A8C023F-D343-4FA9-BC2D-456AD213788E}"
EndProject
Project("{9A19103F-16F7-4668-BE54-9A1E7A4F7556}") = "Unidad_4_Ejercicio_C02", "Unidad_4_Ejercicio_C02\Unidad_4_Ejercicio_C02.csproj", "{0DB2486E-5036-4640-9E93-6EEDB66DDDDB}"
EndProject
Project("{9A19103F-16F7-4668-BE54-9A1E7A4F7556}") = "Biblioteca_Unidad4_Ej_C02", "Biblioteca_Unidad4_Ej_C02\Biblioteca_Unidad4_Ej_C02.csproj", "{A061C98F-65B8-4662-825F-08E7185B11E4}"
EndProject
Project("{9A19103F-16F7-4668-BE54-9A1E7A4F7556}") = "Clase06 Windows Forms", "Clase06 Windows Forms\Clase06 Windows Forms.csproj", "{820ED0C7-2894-4AC0-B2C0-60834F270B6E}"
EndProject
Project("{9A19103F-16F7-4668-BE54-9A1E7A4F7556}") = "Ejemplo LogIn", "Ejemplo LogIn\Ejemplo LogIn.csproj", "{92467569-240C-420E-83EE-CFBA60DEB748}"
EndProject
Project("{9A19103F-16F7-4668-BE54-9A1E7A4F7556}") = "Clase07 Colecciones", "Clase 7\Clase07 Colecciones.csproj", "{D17E9ED8-0B97-4829-B6E5-CEE8C92FE807}"
EndProject
Project("{9A19103F-16F7-4668-BE54-9A1E7A4F7556}") = "Unidad_5_Ejercicio en clase 3", "Unidad_5_Ejercicio en clase 3\Unidad_5_Ejercicio en clase 3.csproj", "{EB74E1B8-CFFE-4284-AF92-907587A832B5}"
EndProject
Project("{9A19103F-16F7-4668-BE54-9A1E7A4F7556}") = "Unidad_5_Ejercicio en clase 4", "Unidad_5_Ejercicio en clase 4\Unidad_5_Ejercicio en clase 4.csproj", "{367FAB25-E3B7-4EF1-B945-352CF0BE21BB}"
EndProject
Project("{9A19103F-16F7-4668-BE54-9A1E7A4F7556}") = "Unidad_5_Eercicio_01", "Unidad_5_Eercicio_01\Unidad_5_Eercicio_01.csproj", "{E781B19B-AA14-4DDB-B4B3-BBC5AC38B87D}"
EndProject
Project("{9A19103F-16F7-4668-BE54-9A1E7A4F7556}") = "Unidad_5_Ejercicio_02", "Unidad_5_Ejercicio_02\Unidad_5_Ejercicio_02.csproj", "{8D2A656C-6101-49D2-A01E-36248A1ED00C}"
EndProject
Project("{9A19103F-16F7-4668-BE54-9A1E7A4F7556}") = "Biblioteca_Unidad_5_Ejercicio_02", "Biblioteca_Ejercicio_02\Biblioteca_Unidad_5_Ejercicio_02.csproj", "{232EE919-8261-4068-B33A-41D008415576}"
EndProject
Project("{9A19103F-16F7-4668-BE54-9A1E7A4F7556}") = "Unidad_5_Ejercicio en clase 1", "Unidad_5_Ejercicio en clase 1\Unidad_5_Ejercicio en clase 1.csproj", "{228012D6-0453-4465-9BAF-F9E3B072068A}"
EndProject
Global
	GlobalSection(SolutionConfigurationPlatforms) = preSolution
		Debug|Any CPU = Debug|Any CPU
		Release|Any CPU = Release|Any CPU
	EndGlobalSection
	GlobalSection(ProjectConfigurationPlatforms) = postSolution
		{5DE1CBAD-5F80-4494-8871-260E00797D16}.Debug|Any CPU.ActiveCfg = Debug|Any CPU
		{5DE1CBAD-5F80-4494-8871-260E00797D16}.Debug|Any CPU.Build.0 = Debug|Any CPU
		{5DE1CBAD-5F80-4494-8871-260E00797D16}.Release|Any CPU.ActiveCfg = Release|Any CPU
		{5DE1CBAD-5F80-4494-8871-260E00797D16}.Release|Any CPU.Build.0 = Release|Any CPU
		{30D50DBE-B76F-488D-9969-77E914A50E02}.Debug|Any CPU.ActiveCfg = Debug|Any CPU
		{30D50DBE-B76F-488D-9969-77E914A50E02}.Debug|Any CPU.Build.0 = Debug|Any CPU
		{30D50DBE-B76F-488D-9969-77E914A50E02}.Release|Any CPU.ActiveCfg = Release|Any CPU
		{30D50DBE-B76F-488D-9969-77E914A50E02}.Release|Any CPU.Build.0 = Release|Any CPU
		{BE139B72-FD14-4AB1-A37A-5D21AEF0FC48}.Debug|Any CPU.ActiveCfg = Debug|Any CPU
		{BE139B72-FD14-4AB1-A37A-5D21AEF0FC48}.Debug|Any CPU.Build.0 = Debug|Any CPU
		{BE139B72-FD14-4AB1-A37A-5D21AEF0FC48}.Release|Any CPU.ActiveCfg = Release|Any CPU
		{BE139B72-FD14-4AB1-A37A-5D21AEF0FC48}.Release|Any CPU.Build.0 = Release|Any CPU
		{11C69C2E-F3E1-4401-BFED-A3E7924473DA}.Debug|Any CPU.ActiveCfg = Debug|Any CPU
		{11C69C2E-F3E1-4401-BFED-A3E7924473DA}.Debug|Any CPU.Build.0 = Debug|Any CPU
		{11C69C2E-F3E1-4401-BFED-A3E7924473DA}.Release|Any CPU.ActiveCfg = Release|Any CPU
		{11C69C2E-F3E1-4401-BFED-A3E7924473DA}.Release|Any CPU.Build.0 = Release|Any CPU
		{C53AE3FC-EC4E-436C-BF78-B577F78A31B0}.Debug|Any CPU.ActiveCfg = Debug|Any CPU
		{C53AE3FC-EC4E-436C-BF78-B577F78A31B0}.Debug|Any CPU.Build.0 = Debug|Any CPU
		{C53AE3FC-EC4E-436C-BF78-B577F78A31B0}.Release|Any CPU.ActiveCfg = Release|Any CPU
		{C53AE3FC-EC4E-436C-BF78-B577F78A31B0}.Release|Any CPU.Build.0 = Release|Any CPU
		{B620C652-E9BE-48C1-B9A9-A9E8110C01BA}.Debug|Any CPU.ActiveCfg = Debug|Any CPU
		{B620C652-E9BE-48C1-B9A9-A9E8110C01BA}.Debug|Any CPU.Build.0 = Debug|Any CPU
		{B620C652-E9BE-48C1-B9A9-A9E8110C01BA}.Release|Any CPU.ActiveCfg = Release|Any CPU
		{B620C652-E9BE-48C1-B9A9-A9E8110C01BA}.Release|Any CPU.Build.0 = Release|Any CPU
		{452FF0A0-2C7D-4F2A-915C-99304AD1C3D6}.Debug|Any CPU.ActiveCfg = Debug|Any CPU
		{452FF0A0-2C7D-4F2A-915C-99304AD1C3D6}.Debug|Any CPU.Build.0 = Debug|Any CPU
		{452FF0A0-2C7D-4F2A-915C-99304AD1C3D6}.Release|Any CPU.ActiveCfg = Release|Any CPU
		{452FF0A0-2C7D-4F2A-915C-99304AD1C3D6}.Release|Any CPU.Build.0 = Release|Any CPU
		{FF573ECD-76F1-462D-96EF-A7B092EB7EE3}.Debug|Any CPU.ActiveCfg = Debug|Any CPU
		{FF573ECD-76F1-462D-96EF-A7B092EB7EE3}.Debug|Any CPU.Build.0 = Debug|Any CPU
		{FF573ECD-76F1-462D-96EF-A7B092EB7EE3}.Release|Any CPU.ActiveCfg = Release|Any CPU
		{FF573ECD-76F1-462D-96EF-A7B092EB7EE3}.Release|Any CPU.Build.0 = Release|Any CPU
		{7445E63F-0AA1-4F43-BA4D-2B4659E2EB0B}.Debug|Any CPU.ActiveCfg = Debug|Any CPU
		{7445E63F-0AA1-4F43-BA4D-2B4659E2EB0B}.Debug|Any CPU.Build.0 = Debug|Any CPU
		{7445E63F-0AA1-4F43-BA4D-2B4659E2EB0B}.Release|Any CPU.ActiveCfg = Release|Any CPU
		{7445E63F-0AA1-4F43-BA4D-2B4659E2EB0B}.Release|Any CPU.Build.0 = Release|Any CPU
		{FC7F387E-6745-4E8F-BC13-DFFD99301CFB}.Debug|Any CPU.ActiveCfg = Debug|Any CPU
		{FC7F387E-6745-4E8F-BC13-DFFD99301CFB}.Debug|Any CPU.Build.0 = Debug|Any CPU
		{FC7F387E-6745-4E8F-BC13-DFFD99301CFB}.Release|Any CPU.ActiveCfg = Release|Any CPU
		{FC7F387E-6745-4E8F-BC13-DFFD99301CFB}.Release|Any CPU.Build.0 = Release|Any CPU
		{E211B2A7-B77C-40BB-8317-942538781BE4}.Debug|Any CPU.ActiveCfg = Debug|Any CPU
		{E211B2A7-B77C-40BB-8317-942538781BE4}.Debug|Any CPU.Build.0 = Debug|Any CPU
		{E211B2A7-B77C-40BB-8317-942538781BE4}.Release|Any CPU.ActiveCfg = Release|Any CPU
		{E211B2A7-B77C-40BB-8317-942538781BE4}.Release|Any CPU.Build.0 = Release|Any CPU
		{DE6946A1-0CBE-43E6-983D-72C29CA43F1A}.Debug|Any CPU.ActiveCfg = Debug|Any CPU
		{DE6946A1-0CBE-43E6-983D-72C29CA43F1A}.Debug|Any CPU.Build.0 = Debug|Any CPU
		{DE6946A1-0CBE-43E6-983D-72C29CA43F1A}.Release|Any CPU.ActiveCfg = Release|Any CPU
		{DE6946A1-0CBE-43E6-983D-72C29CA43F1A}.Release|Any CPU.Build.0 = Release|Any CPU
		{E8C5BCAC-96A8-4FDF-B4BE-9CFDF716D6E2}.Debug|Any CPU.ActiveCfg = Debug|Any CPU
		{E8C5BCAC-96A8-4FDF-B4BE-9CFDF716D6E2}.Debug|Any CPU.Build.0 = Debug|Any CPU
		{E8C5BCAC-96A8-4FDF-B4BE-9CFDF716D6E2}.Release|Any CPU.ActiveCfg = Release|Any CPU
		{E8C5BCAC-96A8-4FDF-B4BE-9CFDF716D6E2}.Release|Any CPU.Build.0 = Release|Any CPU
		{BF1B941B-973E-427E-8F9F-28DDC53E51DD}.Debug|Any CPU.ActiveCfg = Debug|Any CPU
		{BF1B941B-973E-427E-8F9F-28DDC53E51DD}.Debug|Any CPU.Build.0 = Debug|Any CPU
		{BF1B941B-973E-427E-8F9F-28DDC53E51DD}.Release|Any CPU.ActiveCfg = Release|Any CPU
		{BF1B941B-973E-427E-8F9F-28DDC53E51DD}.Release|Any CPU.Build.0 = Release|Any CPU
		{D49BEAEA-EC5C-4BA8-8EA9-8593D99D3968}.Debug|Any CPU.ActiveCfg = Debug|Any CPU
		{D49BEAEA-EC5C-4BA8-8EA9-8593D99D3968}.Debug|Any CPU.Build.0 = Debug|Any CPU
		{D49BEAEA-EC5C-4BA8-8EA9-8593D99D3968}.Release|Any CPU.ActiveCfg = Release|Any CPU
		{D49BEAEA-EC5C-4BA8-8EA9-8593D99D3968}.Release|Any CPU.Build.0 = Release|Any CPU
		{36E98F31-6115-42B9-B16E-C5BBFB124FD2}.Debug|Any CPU.ActiveCfg = Debug|Any CPU
		{36E98F31-6115-42B9-B16E-C5BBFB124FD2}.Debug|Any CPU.Build.0 = Debug|Any CPU
		{36E98F31-6115-42B9-B16E-C5BBFB124FD2}.Release|Any CPU.ActiveCfg = Release|Any CPU
		{36E98F31-6115-42B9-B16E-C5BBFB124FD2}.Release|Any CPU.Build.0 = Release|Any CPU
		{6270A2B7-E2DC-467B-AB32-551EE0C2298C}.Debug|Any CPU.ActiveCfg = Debug|Any CPU
		{6270A2B7-E2DC-467B-AB32-551EE0C2298C}.Debug|Any CPU.Build.0 = Debug|Any CPU
		{6270A2B7-E2DC-467B-AB32-551EE0C2298C}.Release|Any CPU.ActiveCfg = Release|Any CPU
		{6270A2B7-E2DC-467B-AB32-551EE0C2298C}.Release|Any CPU.Build.0 = Release|Any CPU
		{D8C733DC-2E9A-4CE0-9E97-2197CDD11850}.Debug|Any CPU.ActiveCfg = Debug|Any CPU
		{D8C733DC-2E9A-4CE0-9E97-2197CDD11850}.Debug|Any CPU.Build.0 = Debug|Any CPU
		{D8C733DC-2E9A-4CE0-9E97-2197CDD11850}.Release|Any CPU.ActiveCfg = Release|Any CPU
		{D8C733DC-2E9A-4CE0-9E97-2197CDD11850}.Release|Any CPU.Build.0 = Release|Any CPU
		{EC24A9D9-50A9-4BB7-A02E-023DE33D7A31}.Debug|Any CPU.ActiveCfg = Debug|Any CPU
		{EC24A9D9-50A9-4BB7-A02E-023DE33D7A31}.Debug|Any CPU.Build.0 = Debug|Any CPU
		{EC24A9D9-50A9-4BB7-A02E-023DE33D7A31}.Release|Any CPU.ActiveCfg = Release|Any CPU
		{EC24A9D9-50A9-4BB7-A02E-023DE33D7A31}.Release|Any CPU.Build.0 = Release|Any CPU
		{1E46A5FA-4191-47B8-8A27-FAFD16749C28}.Debug|Any CPU.ActiveCfg = Debug|Any CPU
		{1E46A5FA-4191-47B8-8A27-FAFD16749C28}.Debug|Any CPU.Build.0 = Debug|Any CPU
		{1E46A5FA-4191-47B8-8A27-FAFD16749C28}.Release|Any CPU.ActiveCfg = Release|Any CPU
		{1E46A5FA-4191-47B8-8A27-FAFD16749C28}.Release|Any CPU.Build.0 = Release|Any CPU
		{161BD720-3F4C-43D0-972B-13000DD7C79F}.Debug|Any CPU.ActiveCfg = Debug|Any CPU
		{161BD720-3F4C-43D0-972B-13000DD7C79F}.Debug|Any CPU.Build.0 = Debug|Any CPU
		{161BD720-3F4C-43D0-972B-13000DD7C79F}.Release|Any CPU.ActiveCfg = Release|Any CPU
		{161BD720-3F4C-43D0-972B-13000DD7C79F}.Release|Any CPU.Build.0 = Release|Any CPU
		{E023469A-879E-4D91-B38A-13DFD04A6294}.Debug|Any CPU.ActiveCfg = Debug|Any CPU
		{E023469A-879E-4D91-B38A-13DFD04A6294}.Debug|Any CPU.Build.0 = Debug|Any CPU
		{E023469A-879E-4D91-B38A-13DFD04A6294}.Release|Any CPU.ActiveCfg = Release|Any CPU
		{E023469A-879E-4D91-B38A-13DFD04A6294}.Release|Any CPU.Build.0 = Release|Any CPU
		{7497B835-8DF1-4D4D-BB56-B43C7677846E}.Debug|Any CPU.ActiveCfg = Debug|Any CPU
		{7497B835-8DF1-4D4D-BB56-B43C7677846E}.Debug|Any CPU.Build.0 = Debug|Any CPU
		{7497B835-8DF1-4D4D-BB56-B43C7677846E}.Release|Any CPU.ActiveCfg = Release|Any CPU
		{7497B835-8DF1-4D4D-BB56-B43C7677846E}.Release|Any CPU.Build.0 = Release|Any CPU
		{4AB69640-8B3D-4522-AD5A-C09E6D45D3E5}.Debug|Any CPU.ActiveCfg = Debug|Any CPU
		{4AB69640-8B3D-4522-AD5A-C09E6D45D3E5}.Debug|Any CPU.Build.0 = Debug|Any CPU
		{4AB69640-8B3D-4522-AD5A-C09E6D45D3E5}.Release|Any CPU.ActiveCfg = Release|Any CPU
		{4AB69640-8B3D-4522-AD5A-C09E6D45D3E5}.Release|Any CPU.Build.0 = Release|Any CPU
		{69522A1E-E2C4-488A-B1D9-5865B34F1185}.Debug|Any CPU.ActiveCfg = Debug|Any CPU
		{69522A1E-E2C4-488A-B1D9-5865B34F1185}.Debug|Any CPU.Build.0 = Debug|Any CPU
		{69522A1E-E2C4-488A-B1D9-5865B34F1185}.Release|Any CPU.ActiveCfg = Release|Any CPU
		{69522A1E-E2C4-488A-B1D9-5865B34F1185}.Release|Any CPU.Build.0 = Release|Any CPU
		{09CCD7EA-6EB9-4AE1-AB45-A2504CD98700}.Debug|Any CPU.ActiveCfg = Debug|Any CPU
		{09CCD7EA-6EB9-4AE1-AB45-A2504CD98700}.Debug|Any CPU.Build.0 = Debug|Any CPU
		{09CCD7EA-6EB9-4AE1-AB45-A2504CD98700}.Release|Any CPU.ActiveCfg = Release|Any CPU
		{09CCD7EA-6EB9-4AE1-AB45-A2504CD98700}.Release|Any CPU.Build.0 = Release|Any CPU
		{2B6A3F1B-9C93-4F6D-89D2-A82601981DDD}.Debug|Any CPU.ActiveCfg = Debug|Any CPU
		{2B6A3F1B-9C93-4F6D-89D2-A82601981DDD}.Debug|Any CPU.Build.0 = Debug|Any CPU
		{2B6A3F1B-9C93-4F6D-89D2-A82601981DDD}.Release|Any CPU.ActiveCfg = Release|Any CPU
		{2B6A3F1B-9C93-4F6D-89D2-A82601981DDD}.Release|Any CPU.Build.0 = Release|Any CPU
		{43E3717D-93E1-4BC1-B09C-E27CF5B4E94D}.Debug|Any CPU.ActiveCfg = Debug|Any CPU
		{43E3717D-93E1-4BC1-B09C-E27CF5B4E94D}.Debug|Any CPU.Build.0 = Debug|Any CPU
		{43E3717D-93E1-4BC1-B09C-E27CF5B4E94D}.Release|Any CPU.ActiveCfg = Release|Any CPU
		{43E3717D-93E1-4BC1-B09C-E27CF5B4E94D}.Release|Any CPU.Build.0 = Release|Any CPU
		{2FE8BD44-F658-4921-80BF-A84E7D6E3C18}.Debug|Any CPU.ActiveCfg = Debug|Any CPU
		{2FE8BD44-F658-4921-80BF-A84E7D6E3C18}.Debug|Any CPU.Build.0 = Debug|Any CPU
		{2FE8BD44-F658-4921-80BF-A84E7D6E3C18}.Release|Any CPU.ActiveCfg = Release|Any CPU
		{2FE8BD44-F658-4921-80BF-A84E7D6E3C18}.Release|Any CPU.Build.0 = Release|Any CPU
		{5A206BAD-CAB3-41A2-88A1-374743B8A8AC}.Debug|Any CPU.ActiveCfg = Debug|Any CPU
		{5A206BAD-CAB3-41A2-88A1-374743B8A8AC}.Debug|Any CPU.Build.0 = Debug|Any CPU
		{5A206BAD-CAB3-41A2-88A1-374743B8A8AC}.Release|Any CPU.ActiveCfg = Release|Any CPU
		{5A206BAD-CAB3-41A2-88A1-374743B8A8AC}.Release|Any CPU.Build.0 = Release|Any CPU
		{6587C661-38E6-42E9-AEBF-5CE7C13F44B4}.Debug|Any CPU.ActiveCfg = Debug|Any CPU
		{6587C661-38E6-42E9-AEBF-5CE7C13F44B4}.Debug|Any CPU.Build.0 = Debug|Any CPU
		{6587C661-38E6-42E9-AEBF-5CE7C13F44B4}.Release|Any CPU.ActiveCfg = Release|Any CPU
		{6587C661-38E6-42E9-AEBF-5CE7C13F44B4}.Release|Any CPU.Build.0 = Release|Any CPU
		{7140DF70-49CF-4525-8A6F-AC14E19E67D6}.Debug|Any CPU.ActiveCfg = Debug|Any CPU
		{7140DF70-49CF-4525-8A6F-AC14E19E67D6}.Debug|Any CPU.Build.0 = Debug|Any CPU
		{7140DF70-49CF-4525-8A6F-AC14E19E67D6}.Release|Any CPU.ActiveCfg = Release|Any CPU
		{7140DF70-49CF-4525-8A6F-AC14E19E67D6}.Release|Any CPU.Build.0 = Release|Any CPU
		{E50B4D87-487B-424E-A7F5-0E82716CC7B4}.Debug|Any CPU.ActiveCfg = Debug|Any CPU
		{E50B4D87-487B-424E-A7F5-0E82716CC7B4}.Debug|Any CPU.Build.0 = Debug|Any CPU
		{E50B4D87-487B-424E-A7F5-0E82716CC7B4}.Release|Any CPU.ActiveCfg = Release|Any CPU
		{E50B4D87-487B-424E-A7F5-0E82716CC7B4}.Release|Any CPU.Build.0 = Release|Any CPU
		{A4F81D8A-3A2B-4864-B659-D676BAC74EFC}.Debug|Any CPU.ActiveCfg = Debug|Any CPU
		{A4F81D8A-3A2B-4864-B659-D676BAC74EFC}.Debug|Any CPU.Build.0 = Debug|Any CPU
		{A4F81D8A-3A2B-4864-B659-D676BAC74EFC}.Release|Any CPU.ActiveCfg = Release|Any CPU
		{A4F81D8A-3A2B-4864-B659-D676BAC74EFC}.Release|Any CPU.Build.0 = Release|Any CPU
		{45DCF4EB-8611-4BE5-8286-0E62C878D9AF}.Debug|Any CPU.ActiveCfg = Debug|Any CPU
		{45DCF4EB-8611-4BE5-8286-0E62C878D9AF}.Debug|Any CPU.Build.0 = Debug|Any CPU
		{45DCF4EB-8611-4BE5-8286-0E62C878D9AF}.Release|Any CPU.ActiveCfg = Release|Any CPU
		{45DCF4EB-8611-4BE5-8286-0E62C878D9AF}.Release|Any CPU.Build.0 = Release|Any CPU
		{919D2749-BC92-4A9C-B67A-8B93851C6FF9}.Debug|Any CPU.ActiveCfg = Debug|Any CPU
		{919D2749-BC92-4A9C-B67A-8B93851C6FF9}.Debug|Any CPU.Build.0 = Debug|Any CPU
		{919D2749-BC92-4A9C-B67A-8B93851C6FF9}.Release|Any CPU.ActiveCfg = Release|Any CPU
		{919D2749-BC92-4A9C-B67A-8B93851C6FF9}.Release|Any CPU.Build.0 = Release|Any CPU
		{F638C8DD-E794-42B8-90AC-BBDF0316E8D1}.Debug|Any CPU.ActiveCfg = Debug|Any CPU
		{F638C8DD-E794-42B8-90AC-BBDF0316E8D1}.Debug|Any CPU.Build.0 = Debug|Any CPU
		{F638C8DD-E794-42B8-90AC-BBDF0316E8D1}.Release|Any CPU.ActiveCfg = Release|Any CPU
		{F638C8DD-E794-42B8-90AC-BBDF0316E8D1}.Release|Any CPU.Build.0 = Release|Any CPU
		{6FFDB53E-FAE0-4B08-B835-C911912A14CA}.Debug|Any CPU.ActiveCfg = Debug|Any CPU
		{6FFDB53E-FAE0-4B08-B835-C911912A14CA}.Debug|Any CPU.Build.0 = Debug|Any CPU
		{6FFDB53E-FAE0-4B08-B835-C911912A14CA}.Release|Any CPU.ActiveCfg = Release|Any CPU
		{6FFDB53E-FAE0-4B08-B835-C911912A14CA}.Release|Any CPU.Build.0 = Release|Any CPU
		{5B3DAAE5-C998-4D10-A50E-7EC79FE423FD}.Debug|Any CPU.ActiveCfg = Debug|Any CPU
		{5B3DAAE5-C998-4D10-A50E-7EC79FE423FD}.Debug|Any CPU.Build.0 = Debug|Any CPU
		{5B3DAAE5-C998-4D10-A50E-7EC79FE423FD}.Release|Any CPU.ActiveCfg = Release|Any CPU
		{5B3DAAE5-C998-4D10-A50E-7EC79FE423FD}.Release|Any CPU.Build.0 = Release|Any CPU
		{DDF7A9A8-0C4F-4D7C-B519-D0F9C22BF339}.Debug|Any CPU.ActiveCfg = Debug|Any CPU
		{DDF7A9A8-0C4F-4D7C-B519-D0F9C22BF339}.Debug|Any CPU.Build.0 = Debug|Any CPU
		{DDF7A9A8-0C4F-4D7C-B519-D0F9C22BF339}.Release|Any CPU.ActiveCfg = Release|Any CPU
		{DDF7A9A8-0C4F-4D7C-B519-D0F9C22BF339}.Release|Any CPU.Build.0 = Release|Any CPU
		{E4F15DC9-7F05-4CC8-BF44-16751FB14FEB}.Debug|Any CPU.ActiveCfg = Debug|Any CPU
		{E4F15DC9-7F05-4CC8-BF44-16751FB14FEB}.Debug|Any CPU.Build.0 = Debug|Any CPU
		{E4F15DC9-7F05-4CC8-BF44-16751FB14FEB}.Release|Any CPU.ActiveCfg = Release|Any CPU
		{E4F15DC9-7F05-4CC8-BF44-16751FB14FEB}.Release|Any CPU.Build.0 = Release|Any CPU
		{393017C2-19FE-406E-BA28-F29E19D039F3}.Debug|Any CPU.ActiveCfg = Debug|Any CPU
		{393017C2-19FE-406E-BA28-F29E19D039F3}.Debug|Any CPU.Build.0 = Debug|Any CPU
		{393017C2-19FE-406E-BA28-F29E19D039F3}.Release|Any CPU.ActiveCfg = Release|Any CPU
		{393017C2-19FE-406E-BA28-F29E19D039F3}.Release|Any CPU.Build.0 = Release|Any CPU
		{2EE1A601-7BC7-4549-B06E-A4D85860AE8E}.Debug|Any CPU.ActiveCfg = Debug|Any CPU
		{2EE1A601-7BC7-4549-B06E-A4D85860AE8E}.Debug|Any CPU.Build.0 = Debug|Any CPU
		{2EE1A601-7BC7-4549-B06E-A4D85860AE8E}.Release|Any CPU.ActiveCfg = Release|Any CPU
		{2EE1A601-7BC7-4549-B06E-A4D85860AE8E}.Release|Any CPU.Build.0 = Release|Any CPU
		{7A8C023F-D343-4FA9-BC2D-456AD213788E}.Debug|Any CPU.ActiveCfg = Debug|Any CPU
		{7A8C023F-D343-4FA9-BC2D-456AD213788E}.Debug|Any CPU.Build.0 = Debug|Any CPU
		{7A8C023F-D343-4FA9-BC2D-456AD213788E}.Release|Any CPU.ActiveCfg = Release|Any CPU
		{7A8C023F-D343-4FA9-BC2D-456AD213788E}.Release|Any CPU.Build.0 = Release|Any CPU
		{0DB2486E-5036-4640-9E93-6EEDB66DDDDB}.Debug|Any CPU.ActiveCfg = Debug|Any CPU
		{0DB2486E-5036-4640-9E93-6EEDB66DDDDB}.Debug|Any CPU.Build.0 = Debug|Any CPU
		{0DB2486E-5036-4640-9E93-6EEDB66DDDDB}.Release|Any CPU.ActiveCfg = Release|Any CPU
		{0DB2486E-5036-4640-9E93-6EEDB66DDDDB}.Release|Any CPU.Build.0 = Release|Any CPU
		{A061C98F-65B8-4662-825F-08E7185B11E4}.Debug|Any CPU.ActiveCfg = Debug|Any CPU
		{A061C98F-65B8-4662-825F-08E7185B11E4}.Debug|Any CPU.Build.0 = Debug|Any CPU
		{A061C98F-65B8-4662-825F-08E7185B11E4}.Release|Any CPU.ActiveCfg = Release|Any CPU
		{A061C98F-65B8-4662-825F-08E7185B11E4}.Release|Any CPU.Build.0 = Release|Any CPU
		{820ED0C7-2894-4AC0-B2C0-60834F270B6E}.Debug|Any CPU.ActiveCfg = Debug|Any CPU
		{820ED0C7-2894-4AC0-B2C0-60834F270B6E}.Debug|Any CPU.Build.0 = Debug|Any CPU
		{820ED0C7-2894-4AC0-B2C0-60834F270B6E}.Release|Any CPU.ActiveCfg = Release|Any CPU
		{820ED0C7-2894-4AC0-B2C0-60834F270B6E}.Release|Any CPU.Build.0 = Release|Any CPU
		{92467569-240C-420E-83EE-CFBA60DEB748}.Debug|Any CPU.ActiveCfg = Debug|Any CPU
		{92467569-240C-420E-83EE-CFBA60DEB748}.Debug|Any CPU.Build.0 = Debug|Any CPU
		{92467569-240C-420E-83EE-CFBA60DEB748}.Release|Any CPU.ActiveCfg = Release|Any CPU
		{92467569-240C-420E-83EE-CFBA60DEB748}.Release|Any CPU.Build.0 = Release|Any CPU
		{D17E9ED8-0B97-4829-B6E5-CEE8C92FE807}.Debug|Any CPU.ActiveCfg = Debug|Any CPU
		{D17E9ED8-0B97-4829-B6E5-CEE8C92FE807}.Debug|Any CPU.Build.0 = Debug|Any CPU
		{D17E9ED8-0B97-4829-B6E5-CEE8C92FE807}.Release|Any CPU.ActiveCfg = Release|Any CPU
		{D17E9ED8-0B97-4829-B6E5-CEE8C92FE807}.Release|Any CPU.Build.0 = Release|Any CPU
		{EB74E1B8-CFFE-4284-AF92-907587A832B5}.Debug|Any CPU.ActiveCfg = Debug|Any CPU
		{EB74E1B8-CFFE-4284-AF92-907587A832B5}.Debug|Any CPU.Build.0 = Debug|Any CPU
		{EB74E1B8-CFFE-4284-AF92-907587A832B5}.Release|Any CPU.ActiveCfg = Release|Any CPU
		{EB74E1B8-CFFE-4284-AF92-907587A832B5}.Release|Any CPU.Build.0 = Release|Any CPU
		{367FAB25-E3B7-4EF1-B945-352CF0BE21BB}.Debug|Any CPU.ActiveCfg = Debug|Any CPU
		{367FAB25-E3B7-4EF1-B945-352CF0BE21BB}.Debug|Any CPU.Build.0 = Debug|Any CPU
		{367FAB25-E3B7-4EF1-B945-352CF0BE21BB}.Release|Any CPU.ActiveCfg = Release|Any CPU
		{367FAB25-E3B7-4EF1-B945-352CF0BE21BB}.Release|Any CPU.Build.0 = Release|Any CPU
		{E781B19B-AA14-4DDB-B4B3-BBC5AC38B87D}.Debug|Any CPU.ActiveCfg = Debug|Any CPU
		{E781B19B-AA14-4DDB-B4B3-BBC5AC38B87D}.Debug|Any CPU.Build.0 = Debug|Any CPU
		{E781B19B-AA14-4DDB-B4B3-BBC5AC38B87D}.Release|Any CPU.ActiveCfg = Release|Any CPU
		{E781B19B-AA14-4DDB-B4B3-BBC5AC38B87D}.Release|Any CPU.Build.0 = Release|Any CPU
		{8D2A656C-6101-49D2-A01E-36248A1ED00C}.Debug|Any CPU.ActiveCfg = Debug|Any CPU
		{8D2A656C-6101-49D2-A01E-36248A1ED00C}.Debug|Any CPU.Build.0 = Debug|Any CPU
		{8D2A656C-6101-49D2-A01E-36248A1ED00C}.Release|Any CPU.ActiveCfg = Release|Any CPU
		{8D2A656C-6101-49D2-A01E-36248A1ED00C}.Release|Any CPU.Build.0 = Release|Any CPU
		{232EE919-8261-4068-B33A-41D008415576}.Debug|Any CPU.ActiveCfg = Debug|Any CPU
		{232EE919-8261-4068-B33A-41D008415576}.Debug|Any CPU.Build.0 = Debug|Any CPU
		{232EE919-8261-4068-B33A-41D008415576}.Release|Any CPU.ActiveCfg = Release|Any CPU
		{232EE919-8261-4068-B33A-41D008415576}.Release|Any CPU.Build.0 = Release|Any CPU
		{228012D6-0453-4465-9BAF-F9E3B072068A}.Debug|Any CPU.ActiveCfg = Debug|Any CPU
		{228012D6-0453-4465-9BAF-F9E3B072068A}.Debug|Any CPU.Build.0 = Debug|Any CPU
		{228012D6-0453-4465-9BAF-F9E3B072068A}.Release|Any CPU.ActiveCfg = Release|Any CPU
		{228012D6-0453-4465-9BAF-F9E3B072068A}.Release|Any CPU.Build.0 = Release|Any CPU
	EndGlobalSection
	GlobalSection(SolutionProperties) = preSolution
		HideSolutionNode = FALSE
	EndGlobalSection
	GlobalSection(NestedProjects) = preSolution
		{5DE1CBAD-5F80-4494-8871-260E00797D16} = {9F20F6AB-67C1-4D42-85B3-BD3EA42CC3EE}
		{30D50DBE-B76F-488D-9969-77E914A50E02} = {715CAC52-C5D8-43B3-8352-81F101174EF5}
		{BE139B72-FD14-4AB1-A37A-5D21AEF0FC48} = {715CAC52-C5D8-43B3-8352-81F101174EF5}
		{11C69C2E-F3E1-4401-BFED-A3E7924473DA} = {3C0F3F1F-A831-4E53-A56B-2051530A2D24}
		{C53AE3FC-EC4E-436C-BF78-B577F78A31B0} = {3C0F3F1F-A831-4E53-A56B-2051530A2D24}
		{B620C652-E9BE-48C1-B9A9-A9E8110C01BA} = {3C0F3F1F-A831-4E53-A56B-2051530A2D24}
		{452FF0A0-2C7D-4F2A-915C-99304AD1C3D6} = {3C0F3F1F-A831-4E53-A56B-2051530A2D24}
		{FF573ECD-76F1-462D-96EF-A7B092EB7EE3} = {3C0F3F1F-A831-4E53-A56B-2051530A2D24}
		{7445E63F-0AA1-4F43-BA4D-2B4659E2EB0B} = {715CAC52-C5D8-43B3-8352-81F101174EF5}
		{FC7F387E-6745-4E8F-BC13-DFFD99301CFB} = {715CAC52-C5D8-43B3-8352-81F101174EF5}
		{E211B2A7-B77C-40BB-8317-942538781BE4} = {715CAC52-C5D8-43B3-8352-81F101174EF5}
		{DE6946A1-0CBE-43E6-983D-72C29CA43F1A} = {715CAC52-C5D8-43B3-8352-81F101174EF5}
		{E8C5BCAC-96A8-4FDF-B4BE-9CFDF716D6E2} = {715CAC52-C5D8-43B3-8352-81F101174EF5}
		{BF1B941B-973E-427E-8F9F-28DDC53E51DD} = {3C0F3F1F-A831-4E53-A56B-2051530A2D24}
		{D49BEAEA-EC5C-4BA8-8EA9-8593D99D3968} = {3C0F3F1F-A831-4E53-A56B-2051530A2D24}
		{36E98F31-6115-42B9-B16E-C5BBFB124FD2} = {3C0F3F1F-A831-4E53-A56B-2051530A2D24}
		{6270A2B7-E2DC-467B-AB32-551EE0C2298C} = {3C0F3F1F-A831-4E53-A56B-2051530A2D24}
		{D8C733DC-2E9A-4CE0-9E97-2197CDD11850} = {715CAC52-C5D8-43B3-8352-81F101174EF5}
		{EC24A9D9-50A9-4BB7-A02E-023DE33D7A31} = {715CAC52-C5D8-43B3-8352-81F101174EF5}
		{1E46A5FA-4191-47B8-8A27-FAFD16749C28} = {9F20F6AB-67C1-4D42-85B3-BD3EA42CC3EE}
		{E023469A-879E-4D91-B38A-13DFD04A6294} = {015CC560-CBC4-42CB-BE76-A1329A2BF31A}
		{7497B835-8DF1-4D4D-BB56-B43C7677846E} = {015CC560-CBC4-42CB-BE76-A1329A2BF31A}
		{4AB69640-8B3D-4522-AD5A-C09E6D45D3E5} = {715CAC52-C5D8-43B3-8352-81F101174EF5}
		{69522A1E-E2C4-488A-B1D9-5865B34F1185} = {9F20F6AB-67C1-4D42-85B3-BD3EA42CC3EE}
		{09CCD7EA-6EB9-4AE1-AB45-A2504CD98700} = {D3BE6587-62D4-478C-8F5A-DB47156EE9AE}
		{2B6A3F1B-9C93-4F6D-89D2-A82601981DDD} = {015CC560-CBC4-42CB-BE76-A1329A2BF31A}
		{43E3717D-93E1-4BC1-B09C-E27CF5B4E94D} = {015CC560-CBC4-42CB-BE76-A1329A2BF31A}
		{2FE8BD44-F658-4921-80BF-A84E7D6E3C18} = {015CC560-CBC4-42CB-BE76-A1329A2BF31A}
		{5A206BAD-CAB3-41A2-88A1-374743B8A8AC} = {015CC560-CBC4-42CB-BE76-A1329A2BF31A}
		{6587C661-38E6-42E9-AEBF-5CE7C13F44B4} = {015CC560-CBC4-42CB-BE76-A1329A2BF31A}
		{7140DF70-49CF-4525-8A6F-AC14E19E67D6} = {015CC560-CBC4-42CB-BE76-A1329A2BF31A}
		{E50B4D87-487B-424E-A7F5-0E82716CC7B4} = {015CC560-CBC4-42CB-BE76-A1329A2BF31A}
		{A4F81D8A-3A2B-4864-B659-D676BAC74EFC} = {015CC560-CBC4-42CB-BE76-A1329A2BF31A}
		{45DCF4EB-8611-4BE5-8286-0E62C878D9AF} = {9F20F6AB-67C1-4D42-85B3-BD3EA42CC3EE}
		{919D2749-BC92-4A9C-B67A-8B93851C6FF9} = {D3BE6587-62D4-478C-8F5A-DB47156EE9AE}
		{F638C8DD-E794-42B8-90AC-BBDF0316E8D1} = {D3BE6587-62D4-478C-8F5A-DB47156EE9AE}
		{6FFDB53E-FAE0-4B08-B835-C911912A14CA} = {08BFB956-6AEE-47EB-82B9-73BAAC9B2580}
		{5B3DAAE5-C998-4D10-A50E-7EC79FE423FD} = {D3BE6587-62D4-478C-8F5A-DB47156EE9AE}
		{DDF7A9A8-0C4F-4D7C-B519-D0F9C22BF339} = {D3BE6587-62D4-478C-8F5A-DB47156EE9AE}
		{E4F15DC9-7F05-4CC8-BF44-16751FB14FEB} = {D3BE6587-62D4-478C-8F5A-DB47156EE9AE}
		{393017C2-19FE-406E-BA28-F29E19D039F3} = {D3BE6587-62D4-478C-8F5A-DB47156EE9AE}
		{2EE1A601-7BC7-4549-B06E-A4D85860AE8E} = {D3BE6587-62D4-478C-8F5A-DB47156EE9AE}
		{7A8C023F-D343-4FA9-BC2D-456AD213788E} = {D3BE6587-62D4-478C-8F5A-DB47156EE9AE}
		{0DB2486E-5036-4640-9E93-6EEDB66DDDDB} = {D3BE6587-62D4-478C-8F5A-DB47156EE9AE}
		{A061C98F-65B8-4662-825F-08E7185B11E4} = {D3BE6587-62D4-478C-8F5A-DB47156EE9AE}
		{820ED0C7-2894-4AC0-B2C0-60834F270B6E} = {9F20F6AB-67C1-4D42-85B3-BD3EA42CC3EE}
		{92467569-240C-420E-83EE-CFBA60DEB748} = {08BFB956-6AEE-47EB-82B9-73BAAC9B2580}
		{D17E9ED8-0B97-4829-B6E5-CEE8C92FE807} = {9F20F6AB-67C1-4D42-85B3-BD3EA42CC3EE}
		{EB74E1B8-CFFE-4284-AF92-907587A832B5} = {08BFB956-6AEE-47EB-82B9-73BAAC9B2580}
		{367FAB25-E3B7-4EF1-B945-352CF0BE21BB} = {08BFB956-6AEE-47EB-82B9-73BAAC9B2580}
		{E781B19B-AA14-4DDB-B4B3-BBC5AC38B87D} = {08BFB956-6AEE-47EB-82B9-73BAAC9B2580}
		{8D2A656C-6101-49D2-A01E-36248A1ED00C} = {08BFB956-6AEE-47EB-82B9-73BAAC9B2580}
		{232EE919-8261-4068-B33A-41D008415576} = {08BFB956-6AEE-47EB-82B9-73BAAC9B2580}
		{228012D6-0453-4465-9BAF-F9E3B072068A} = {08BFB956-6AEE-47EB-82B9-73BAAC9B2580}
	EndGlobalSection
	GlobalSection(ExtensibilityGlobals) = postSolution
		SolutionGuid = {22992F05-F248-44D1-811F-F8EF2B92499C}
	EndGlobalSection
EndGlobal
